
Microsoft Visual Studio Solution File, Format Version 12.00
# Visual Studio Version 16
VisualStudioVersion = 16.0.30204.135
MinimumVisualStudioVersion = 10.0.40219.1
Project("{8BC9CEB8-8B4A-11D0-8D11-00A0C91BC942}") = "值、指针、引用传递", "值、指针、引用传递.vcxproj", "{7F447C04-2A9E-414D-9FA0-96494B988507}"
EndProject
Global
	GlobalSection(SolutionConfigurationPlatforms) = preSolution
		Debug|x64 = Debug|x64
		Debug|x86 = Debug|x86
		Release|x64 = Release|x64
		Release|x86 = Release|x86
	EndGlobalSection
	GlobalSection(ProjectConfigurationPlatforms) = postSolution
		{7F447C04-2A9E-414D-9FA0-96494B988507}.Debug|x64.ActiveCfg = Debug|x64
		{7F447C04-2A9E-414D-9FA0-96494B988507}.Debug|x64.Build.0 = Debug|x64
		{7F447C04-2A9E-414D-9FA0-96494B988507}.Debug|x86.ActiveCfg = Debug|Win32
		{7F447C04-2A9E-414D-9FA0-96494B988507}.Debug|x86.Build.0 = Debug|Win32
		{7F447C04-2A9E-414D-9FA0-96494B988507}.Release|x64.ActiveCfg = Release|x64
		{7F447C04-2A9E-414D-9FA0-96494B988507}.Release|x64.Build.0 = Release|x64
		{7F447C04-2A9E-414D-9FA0-96494B988507}.Release|x86.ActiveCfg = Release|Win32
		{7F447C04-2A9E-414D-9FA0-96494B988507}.Release|x86.Build.0 = Release|Win32
	EndGlobalSection
	GlobalSection(SolutionProperties) = preSolution
		HideSolutionNode = FALSE
	EndGlobalSection
	GlobalSection(ExtensibilityGlobals) = postSolution
		SolutionGuid = {E7262770-D586-4F52-9482-B6312BC712CE}
	EndGlobalSection
EndGlobal
